
Microsoft Visual Studio Solution File, Format Version 12.00
# Visual Studio 15
VisualStudioVersion = 15.0.28307.572
MinimumVisualStudioVersion = 10.0.40219.1
Project("{FAE04EC0-301F-11D3-BF4B-00C04F79EFBC}") = "T9", "T9\T9.csproj", "{B7B6A7C5-6E28-4286-A871-90FD472228F3}"
EndProject
Project("{FAE04EC0-301F-11D3-BF4B-00C04F79EFBC}") = "T9Api", "T9Api\T9Api.csproj", "{0AFA8A31-F500-4123-8AD0-094B81116795}"
EndProject
Project("{FAE04EC0-301F-11D3-BF4B-00C04F79EFBC}") = "T9Tests", "T9Tests\T9Tests.csproj", "{7CCACFE8-F4C4-40E9-8F0C-B5068A8C8A4F}"
EndProject
Global
	GlobalSection(SolutionConfigurationPlatforms) = preSolution
		Debug|Any CPU = Debug|Any CPU
		Release|Any CPU = Release|Any CPU
	EndGlobalSection
	GlobalSection(ProjectConfigurationPlatforms) = postSolution
		{B7B6A7C5-6E28-4286-A871-90FD472228F3}.Debug|Any CPU.ActiveCfg = Debug|Any CPU
		{B7B6A7C5-6E28-4286-A871-90FD472228F3}.Debug|Any CPU.Build.0 = Debug|Any CPU
		{B7B6A7C5-6E28-4286-A871-90FD472228F3}.Release|Any CPU.ActiveCfg = Release|Any CPU
		{B7B6A7C5-6E28-4286-A871-90FD472228F3}.Release|Any CPU.Build.0 = Release|Any CPU
		{0AFA8A31-F500-4123-8AD0-094B81116795}.Debug|Any CPU.ActiveCfg = Debug|Any CPU
		{0AFA8A31-F500-4123-8AD0-094B81116795}.Debug|Any CPU.Build.0 = Debug|Any CPU
		{0AFA8A31-F500-4123-8AD0-094B81116795}.Release|Any CPU.ActiveCfg = Release|Any CPU
		{0AFA8A31-F500-4123-8AD0-094B81116795}.Release|Any CPU.Build.0 = Release|Any CPU
		{7CCACFE8-F4C4-40E9-8F0C-B5068A8C8A4F}.Debug|Any CPU.ActiveCfg = Debug|Any CPU
		{7CCACFE8-F4C4-40E9-8F0C-B5068A8C8A4F}.Debug|Any CPU.Build.0 = Debug|Any CPU
		{7CCACFE8-F4C4-40E9-8F0C-B5068A8C8A4F}.Release|Any CPU.ActiveCfg = Release|Any CPU
		{7CCACFE8-F4C4-40E9-8F0C-B5068A8C8A4F}.Release|Any CPU.Build.0 = Release|Any CPU
	EndGlobalSection
	GlobalSection(SolutionProperties) = preSolution
		HideSolutionNode = FALSE
	EndGlobalSection
	GlobalSection(ExtensibilityGlobals) = postSolution
		SolutionGuid = {2F0A2090-6353-4DC2-826B-BAE5932C0457}
	EndGlobalSection
EndGlobal
